
Microsoft Visual Studio Solution File, Format Version 12.00
# Visual Studio 15
VisualStudioVersion = 15.0.26730.15
MinimumVisualStudioVersion = 10.0.40219.1
Project("{FAE04EC0-301F-11D3-BF4B-00C04F79EFBC}") = "ATOOS", "ATOOS\ATOOS.csproj", "{8E4FA780-DF87-4317-8A89-779D06A5F558}"
EndProject
Project("{FAE04EC0-301F-11D3-BF4B-00C04F79EFBC}") = "ATOOS.Core", "ATOOS.Core\ATOOS.Core.csproj", "{65B45E7D-8FCE-49A2-A991-5B86521E52E9}"
EndProject
Project("{FAE04EC0-301F-11D3-BF4B-00C04F79EFBC}") = "CodeAnalyzer", "CodeAnalyzer\CodeAnalyzer.csproj", "{1D87A2B8-A35F-474F-AE00-6938CCD820A2}"
EndProject
Project("{FAE04EC0-301F-11D3-BF4B-00C04F79EFBC}") = "DynamicInvoke.Helpers", "DynamicInvoke.Helpers\DynamicInvoke.Helpers.csproj", "{453A3426-ECAA-4DFE-B2DC-6AD9C3D54C69}"
EndProject
Project("{FAE04EC0-301F-11D3-BF4B-00C04F79EFBC}") = "UnitTestCodeGenerationTestApp", "CodeGenerationTestApp\UnitTestCodeGenerationTestApp.csproj", "{AF84B79D-7C3D-453A-A77C-4D2C1A077562}"
EndProject
Project("{FAE04EC0-301F-11D3-BF4B-00C04F79EFBC}") = "NUnitRunnerProjectDemo", "NUnitRunnerProjectDemo\NUnitRunnerProjectDemo.csproj", "{4A60F465-118E-4DF6-A34A-908911EAC1DD}"
EndProject
Project("{FAE04EC0-301F-11D3-BF4B-00C04F79EFBC}") = "UnitTestGenerator.Core", "UnitTestGenerator\UnitTestGenerator.Core.csproj", "{F4C1A7A5-AD57-4440-9C75-9C54E1347B05}"
EndProject
Project("{FAE04EC0-301F-11D3-BF4B-00C04F79EFBC}") = "ObjectFactory", "ObjectFactory\ObjectFactory.csproj", "{0EACADB8-B848-4DF0-BF51-ECADE44ECA08}"
EndProject
Project("{FAE04EC0-301F-11D3-BF4B-00C04F79EFBC}") = "AtoosVSExtension", "AtoosVSExtension\AtoosVSExtension.csproj", "{F997DB72-5B4A-4E98-B989-8E95D7C2B527}"
EndProject
Project("{FAE04EC0-301F-11D3-BF4B-00C04F79EFBC}") = "AddNewProjectToSolution.Extension", "AddNewProjectToSolution.Extension\AddNewProjectToSolution.Extension.csproj", "{A3495FBD-F699-487A-A8EF-A7F6D8BB6A2C}"
EndProject
Project("{FAE04EC0-301F-11D3-BF4B-00C04F79EFBC}") = "ATOOS.VSExtension", "ATOOS.VSExtension\ATOOS.VSExtension.csproj", "{E7610BD0-5450-49E0-893A-7A1D73A3CECB}"
EndProject
Project("{FAE04EC0-301F-11D3-BF4B-00C04F79EFBC}") = "UnitTestExtension", "UnitTestExtension\UnitTestExtension.csproj", "{531500B8-CC6C-46A7-AD43-B7AB5F79CE68}"
EndProject
Global
	GlobalSection(SolutionConfigurationPlatforms) = preSolution
		Debug|Any CPU = Debug|Any CPU
		Release|Any CPU = Release|Any CPU
	EndGlobalSection
	GlobalSection(ProjectConfigurationPlatforms) = postSolution
		{8E4FA780-DF87-4317-8A89-779D06A5F558}.Debug|Any CPU.ActiveCfg = Debug|Any CPU
		{8E4FA780-DF87-4317-8A89-779D06A5F558}.Debug|Any CPU.Build.0 = Debug|Any CPU
		{8E4FA780-DF87-4317-8A89-779D06A5F558}.Release|Any CPU.ActiveCfg = Release|Any CPU
		{8E4FA780-DF87-4317-8A89-779D06A5F558}.Release|Any CPU.Build.0 = Release|Any CPU
		{65B45E7D-8FCE-49A2-A991-5B86521E52E9}.Debug|Any CPU.ActiveCfg = Debug|Any CPU
		{65B45E7D-8FCE-49A2-A991-5B86521E52E9}.Debug|Any CPU.Build.0 = Debug|Any CPU
		{65B45E7D-8FCE-49A2-A991-5B86521E52E9}.Release|Any CPU.ActiveCfg = Release|Any CPU
		{65B45E7D-8FCE-49A2-A991-5B86521E52E9}.Release|Any CPU.Build.0 = Release|Any CPU
		{1D87A2B8-A35F-474F-AE00-6938CCD820A2}.Debug|Any CPU.ActiveCfg = Debug|Any CPU
		{1D87A2B8-A35F-474F-AE00-6938CCD820A2}.Debug|Any CPU.Build.0 = Debug|Any CPU
		{1D87A2B8-A35F-474F-AE00-6938CCD820A2}.Release|Any CPU.ActiveCfg = Release|Any CPU
		{1D87A2B8-A35F-474F-AE00-6938CCD820A2}.Release|Any CPU.Build.0 = Release|Any CPU
		{453A3426-ECAA-4DFE-B2DC-6AD9C3D54C69}.Debug|Any CPU.ActiveCfg = Debug|Any CPU
		{453A3426-ECAA-4DFE-B2DC-6AD9C3D54C69}.Debug|Any CPU.Build.0 = Debug|Any CPU
		{453A3426-ECAA-4DFE-B2DC-6AD9C3D54C69}.Release|Any CPU.ActiveCfg = Release|Any CPU
		{453A3426-ECAA-4DFE-B2DC-6AD9C3D54C69}.Release|Any CPU.Build.0 = Release|Any CPU
		{AF84B79D-7C3D-453A-A77C-4D2C1A077562}.Debug|Any CPU.ActiveCfg = Debug|Any CPU
		{AF84B79D-7C3D-453A-A77C-4D2C1A077562}.Debug|Any CPU.Build.0 = Debug|Any CPU
		{AF84B79D-7C3D-453A-A77C-4D2C1A077562}.Release|Any CPU.ActiveCfg = Release|Any CPU
		{AF84B79D-7C3D-453A-A77C-4D2C1A077562}.Release|Any CPU.Build.0 = Release|Any CPU
		{4A60F465-118E-4DF6-A34A-908911EAC1DD}.Debug|Any CPU.ActiveCfg = Debug|Any CPU
		{4A60F465-118E-4DF6-A34A-908911EAC1DD}.Debug|Any CPU.Build.0 = Debug|Any CPU
		{4A60F465-118E-4DF6-A34A-908911EAC1DD}.Release|Any CPU.ActiveCfg = Release|Any CPU
		{4A60F465-118E-4DF6-A34A-908911EAC1DD}.Release|Any CPU.Build.0 = Release|Any CPU
		{F4C1A7A5-AD57-4440-9C75-9C54E1347B05}.Debug|Any CPU.ActiveCfg = Debug|Any CPU
		{F4C1A7A5-AD57-4440-9C75-9C54E1347B05}.Debug|Any CPU.Build.0 = Debug|Any CPU
		{F4C1A7A5-AD57-4440-9C75-9C54E1347B05}.Release|Any CPU.ActiveCfg = Release|Any CPU
		{F4C1A7A5-AD57-4440-9C75-9C54E1347B05}.Release|Any CPU.Build.0 = Release|Any CPU
		{0EACADB8-B848-4DF0-BF51-ECADE44ECA08}.Debug|Any CPU.ActiveCfg = Debug|Any CPU
		{0EACADB8-B848-4DF0-BF51-ECADE44ECA08}.Debug|Any CPU.Build.0 = Debug|Any CPU
		{0EACADB8-B848-4DF0-BF51-ECADE44ECA08}.Release|Any CPU.ActiveCfg = Release|Any CPU
		{0EACADB8-B848-4DF0-BF51-ECADE44ECA08}.Release|Any CPU.Build.0 = Release|Any CPU
		{F997DB72-5B4A-4E98-B989-8E95D7C2B527}.Debug|Any CPU.ActiveCfg = Debug|Any CPU
		{F997DB72-5B4A-4E98-B989-8E95D7C2B527}.Debug|Any CPU.Build.0 = Debug|Any CPU
		{F997DB72-5B4A-4E98-B989-8E95D7C2B527}.Release|Any CPU.ActiveCfg = Release|Any CPU
		{F997DB72-5B4A-4E98-B989-8E95D7C2B527}.Release|Any CPU.Build.0 = Release|Any CPU
		{A3495FBD-F699-487A-A8EF-A7F6D8BB6A2C}.Debug|Any CPU.ActiveCfg = Debug|Any CPU
		{A3495FBD-F699-487A-A8EF-A7F6D8BB6A2C}.Debug|Any CPU.Build.0 = Debug|Any CPU
		{A3495FBD-F699-487A-A8EF-A7F6D8BB6A2C}.Release|Any CPU.ActiveCfg = Release|Any CPU
		{A3495FBD-F699-487A-A8EF-A7F6D8BB6A2C}.Release|Any CPU.Build.0 = Release|Any CPU
		{E7610BD0-5450-49E0-893A-7A1D73A3CECB}.Debug|Any CPU.ActiveCfg = Debug|Any CPU
		{E7610BD0-5450-49E0-893A-7A1D73A3CECB}.Debug|Any CPU.Build.0 = Debug|Any CPU
		{E7610BD0-5450-49E0-893A-7A1D73A3CECB}.Release|Any CPU.ActiveCfg = Release|Any CPU
		{E7610BD0-5450-49E0-893A-7A1D73A3CECB}.Release|Any CPU.Build.0 = Release|Any CPU
		{531500B8-CC6C-46A7-AD43-B7AB5F79CE68}.Debug|Any CPU.ActiveCfg = Debug|Any CPU
		{531500B8-CC6C-46A7-AD43-B7AB5F79CE68}.Debug|Any CPU.Build.0 = Debug|Any CPU
		{531500B8-CC6C-46A7-AD43-B7AB5F79CE68}.Release|Any CPU.ActiveCfg = Release|Any CPU
		{531500B8-CC6C-46A7-AD43-B7AB5F79CE68}.Release|Any CPU.Build.0 = Release|Any CPU
	EndGlobalSection
	GlobalSection(SolutionProperties) = preSolution
		HideSolutionNode = FALSE
	EndGlobalSection
	GlobalSection(ExtensibilityGlobals) = postSolution
		SolutionGuid = {0AA54BCC-5C4C-4182-B715-A55E9BDF32E3}
	EndGlobalSection
EndGlobal
